
Microsoft Visual Studio Solution File, Format Version 12.00
# Visual Studio Version 17
VisualStudioVersion = 17.4.33205.214
MinimumVisualStudioVersion = 10.0.40219.1
Project("{9A19103F-16F7-4668-BE54-9A1E7A4F7556}") = "TUF.Host", "TUF.Host\TUF.Host.csproj", "{E02740C0-461B-4CB9-A275-2509B03CFCD9}"
EndProject
Project("{2150E333-8FDC-42A3-9474-1A3956D46DE8}") = "0_Common", "0_Common", "{6B1E78EB-4A0D-4F3B-A8E6-57EBB0F9F89C}"
	ProjectSection(SolutionItems) = preProject
		TextFile1.txt = TextFile1.txt
	EndProjectSection
EndProject
Project("{2150E333-8FDC-42A3-9474-1A3956D46DE8}") = "1_Application", "1_Application", "{5BF4D4FE-D7B7-4C81-A3C9-E69CD0D3C582}"
EndProject
Project("{2150E333-8FDC-42A3-9474-1A3956D46DE8}") = "2_Domain", "2_Domain", "{A716360F-9D23-480A-AEE1-F555FCD35E43}"
EndProject
Project("{2150E333-8FDC-42A3-9474-1A3956D46DE8}") = "3_Front", "3_Front", "{A5878627-2A5A-4542-B36F-8E465D65C2C7}"
EndProject
Project("{9A19103F-16F7-4668-BE54-9A1E7A4F7556}") = "TUF.Client", "TUF.Client\TUF.Client.csproj", "{3BFB86D0-8191-4FE9-8105-EC280989C4DF}"
EndProject
Project("{9A19103F-16F7-4668-BE54-9A1E7A4F7556}") = "TUF.Nugets", "TUF.Nugets\TUF.Nugets.csproj", "{ABA4168A-CDD0-400F-BF44-926D19F6DD1E}"
EndProject
Project("{9A19103F-16F7-4668-BE54-9A1E7A4F7556}") = "Daniel.Common", "TUF.Common\Daniel.Common.csproj", "{2748E303-6078-4B8C-B0E8-4BCC9B72DC0E}"
EndProject
Project("{9A19103F-16F7-4668-BE54-9A1E7A4F7556}") = "TUF.Application", "TUF.Application\TUF.Application.csproj", "{220EBAA7-4959-4BEE-9D11-8797E342B55D}"
EndProject
Project("{9A19103F-16F7-4668-BE54-9A1E7A4F7556}") = "TUF.Domains", "TUF.Domains\TUF.Domains.csproj", "{32F47246-4598-4208-B4CD-C1800484DC8B}"
EndProject
Project("{2150E333-8FDC-42A3-9474-1A3956D46DE8}") = "4_BackEnd", "4_BackEnd", "{73C51610-B367-42FE-98A3-9BF82D96F05F}"
EndProject
Project("{9A19103F-16F7-4668-BE54-9A1E7A4F7556}") = "TUF.Api", "TUF.Api\TUF.Api.csproj", "{C0298B55-62CF-4009-86F0-364C724401E9}"
EndProject
Project("{9A19103F-16F7-4668-BE54-9A1E7A4F7556}") = "TUF.Shared", "TUF.Shared\TUF.Shared.csproj", "{07FF2A9B-07EC-4611-A590-48B336B074B3}"
EndProject
Project("{9A19103F-16F7-4668-BE54-9A1E7A4F7556}") = "TUF.Database", "TUF.Database\TUF.Database.csproj", "{F3E1DB92-661D-4BA6-8FFC-9201C6CE1248}"
EndProject
Global
	GlobalSection(SolutionConfigurationPlatforms) = preSolution
		Debug|Any CPU = Debug|Any CPU
		Release|Any CPU = Release|Any CPU
	EndGlobalSection
	GlobalSection(ProjectConfigurationPlatforms) = postSolution
		{E02740C0-461B-4CB9-A275-2509B03CFCD9}.Debug|Any CPU.ActiveCfg = Debug|Any CPU
		{E02740C0-461B-4CB9-A275-2509B03CFCD9}.Debug|Any CPU.Build.0 = Debug|Any CPU
		{E02740C0-461B-4CB9-A275-2509B03CFCD9}.Release|Any CPU.ActiveCfg = Release|Any CPU
		{E02740C0-461B-4CB9-A275-2509B03CFCD9}.Release|Any CPU.Build.0 = Release|Any CPU
		{3BFB86D0-8191-4FE9-8105-EC280989C4DF}.Debug|Any CPU.ActiveCfg = Debug|Any CPU
		{3BFB86D0-8191-4FE9-8105-EC280989C4DF}.Debug|Any CPU.Build.0 = Debug|Any CPU
		{3BFB86D0-8191-4FE9-8105-EC280989C4DF}.Release|Any CPU.ActiveCfg = Release|Any CPU
		{3BFB86D0-8191-4FE9-8105-EC280989C4DF}.Release|Any CPU.Build.0 = Release|Any CPU
		{ABA4168A-CDD0-400F-BF44-926D19F6DD1E}.Debug|Any CPU.ActiveCfg = Debug|Any CPU
		{ABA4168A-CDD0-400F-BF44-926D19F6DD1E}.Debug|Any CPU.Build.0 = Debug|Any CPU
		{ABA4168A-CDD0-400F-BF44-926D19F6DD1E}.Release|Any CPU.ActiveCfg = Release|Any CPU
		{ABA4168A-CDD0-400F-BF44-926D19F6DD1E}.Release|Any CPU.Build.0 = Release|Any CPU
		{2748E303-6078-4B8C-B0E8-4BCC9B72DC0E}.Debug|Any CPU.ActiveCfg = Debug|Any CPU
		{2748E303-6078-4B8C-B0E8-4BCC9B72DC0E}.Debug|Any CPU.Build.0 = Debug|Any CPU
		{2748E303-6078-4B8C-B0E8-4BCC9B72DC0E}.Release|Any CPU.ActiveCfg = Release|Any CPU
		{2748E303-6078-4B8C-B0E8-4BCC9B72DC0E}.Release|Any CPU.Build.0 = Release|Any CPU
		{220EBAA7-4959-4BEE-9D11-8797E342B55D}.Debug|Any CPU.ActiveCfg = Debug|Any CPU
		{220EBAA7-4959-4BEE-9D11-8797E342B55D}.Debug|Any CPU.Build.0 = Debug|Any CPU
		{220EBAA7-4959-4BEE-9D11-8797E342B55D}.Release|Any CPU.ActiveCfg = Release|Any CPU
		{220EBAA7-4959-4BEE-9D11-8797E342B55D}.Release|Any CPU.Build.0 = Release|Any CPU
		{32F47246-4598-4208-B4CD-C1800484DC8B}.Debug|Any CPU.ActiveCfg = Debug|Any CPU
		{32F47246-4598-4208-B4CD-C1800484DC8B}.Debug|Any CPU.Build.0 = Debug|Any CPU
		{32F47246-4598-4208-B4CD-C1800484DC8B}.Release|Any CPU.ActiveCfg = Release|Any CPU
		{32F47246-4598-4208-B4CD-C1800484DC8B}.Release|Any CPU.Build.0 = Release|Any CPU
		{C0298B55-62CF-4009-86F0-364C724401E9}.Debug|Any CPU.ActiveCfg = Debug|Any CPU
		{C0298B55-62CF-4009-86F0-364C724401E9}.Debug|Any CPU.Build.0 = Debug|Any CPU
		{C0298B55-62CF-4009-86F0-364C724401E9}.Release|Any CPU.ActiveCfg = Release|Any CPU
		{C0298B55-62CF-4009-86F0-364C724401E9}.Release|Any CPU.Build.0 = Release|Any CPU
		{07FF2A9B-07EC-4611-A590-48B336B074B3}.Debug|Any CPU.ActiveCfg = Debug|Any CPU
		{07FF2A9B-07EC-4611-A590-48B336B074B3}.Debug|Any CPU.Build.0 = Debug|Any CPU
		{07FF2A9B-07EC-4611-A590-48B336B074B3}.Release|Any CPU.ActiveCfg = Release|Any CPU
		{07FF2A9B-07EC-4611-A590-48B336B074B3}.Release|Any CPU.Build.0 = Release|Any CPU
		{F3E1DB92-661D-4BA6-8FFC-9201C6CE1248}.Debug|Any CPU.ActiveCfg = Debug|Any CPU
		{F3E1DB92-661D-4BA6-8FFC-9201C6CE1248}.Debug|Any CPU.Build.0 = Debug|Any CPU
		{F3E1DB92-661D-4BA6-8FFC-9201C6CE1248}.Release|Any CPU.ActiveCfg = Release|Any CPU
		{F3E1DB92-661D-4BA6-8FFC-9201C6CE1248}.Release|Any CPU.Build.0 = Release|Any CPU
	EndGlobalSection
	GlobalSection(SolutionProperties) = preSolution
		HideSolutionNode = FALSE
	EndGlobalSection
	GlobalSection(NestedProjects) = preSolution
		{E02740C0-461B-4CB9-A275-2509B03CFCD9} = {A5878627-2A5A-4542-B36F-8E465D65C2C7}
		{3BFB86D0-8191-4FE9-8105-EC280989C4DF} = {A5878627-2A5A-4542-B36F-8E465D65C2C7}
		{ABA4168A-CDD0-400F-BF44-926D19F6DD1E} = {6B1E78EB-4A0D-4F3B-A8E6-57EBB0F9F89C}
		{2748E303-6078-4B8C-B0E8-4BCC9B72DC0E} = {6B1E78EB-4A0D-4F3B-A8E6-57EBB0F9F89C}
		{220EBAA7-4959-4BEE-9D11-8797E342B55D} = {5BF4D4FE-D7B7-4C81-A3C9-E69CD0D3C582}
		{32F47246-4598-4208-B4CD-C1800484DC8B} = {A716360F-9D23-480A-AEE1-F555FCD35E43}
		{C0298B55-62CF-4009-86F0-364C724401E9} = {73C51610-B367-42FE-98A3-9BF82D96F05F}
		{07FF2A9B-07EC-4611-A590-48B336B074B3} = {A716360F-9D23-480A-AEE1-F555FCD35E43}
		{F3E1DB92-661D-4BA6-8FFC-9201C6CE1248} = {5BF4D4FE-D7B7-4C81-A3C9-E69CD0D3C582}
	EndGlobalSection
	GlobalSection(ExtensibilityGlobals) = postSolution
		SolutionGuid = {561355A0-0392-4AD8-9D35-F15D60828B2E}
	EndGlobalSection
EndGlobal
