
Microsoft Visual Studio Solution File, Format Version 12.00
# Visual Studio Version 17
VisualStudioVersion = 17.4.33205.214
MinimumVisualStudioVersion = 10.0.40219.1
Project("{2150E333-8FDC-42A3-9474-1A3956D46DE8}") = "0_Common", "0_Common", "{6B1E78EB-4A0D-4F3B-A8E6-57EBB0F9F89C}"
	ProjectSection(SolutionItems) = preProject
		TextFile1.txt = TextFile1.txt
	EndProjectSection
EndProject
Project("{2150E333-8FDC-42A3-9474-1A3956D46DE8}") = "1_Application", "1_Application", "{5BF4D4FE-D7B7-4C81-A3C9-E69CD0D3C582}"
EndProject
Project("{2150E333-8FDC-42A3-9474-1A3956D46DE8}") = "2_Domain", "2_Domain", "{A716360F-9D23-480A-AEE1-F555FCD35E43}"
EndProject
Project("{2150E333-8FDC-42A3-9474-1A3956D46DE8}") = "3_Front", "3_Front", "{A5878627-2A5A-4542-B36F-8E465D65C2C7}"
EndProject
Project("{9A19103F-16F7-4668-BE54-9A1E7A4F7556}") = "TUF.Nugets", "TUF.Nugets\TUF.Nugets.csproj", "{ABA4168A-CDD0-400F-BF44-926D19F6DD1E}"
EndProject
Project("{9A19103F-16F7-4668-BE54-9A1E7A4F7556}") = "Daniel.Common", "TUF.Common\Daniel.Common.csproj", "{2748E303-6078-4B8C-B0E8-4BCC9B72DC0E}"
EndProject
Project("{9A19103F-16F7-4668-BE54-9A1E7A4F7556}") = "TUF.Application", "TUF.Application\TUF.Application.csproj", "{220EBAA7-4959-4BEE-9D11-8797E342B55D}"
EndProject
Project("{9A19103F-16F7-4668-BE54-9A1E7A4F7556}") = "TUF.Domains", "TUF.Domains\TUF.Domains.csproj", "{32F47246-4598-4208-B4CD-C1800484DC8B}"
EndProject
Project("{2150E333-8FDC-42A3-9474-1A3956D46DE8}") = "4_BackEnd", "4_BackEnd", "{73C51610-B367-42FE-98A3-9BF82D96F05F}"
EndProject
Project("{9A19103F-16F7-4668-BE54-9A1E7A4F7556}") = "TUF.Shared", "TUF.Shared\TUF.Shared.csproj", "{07FF2A9B-07EC-4611-A590-48B336B074B3}"
EndProject
Project("{9A19103F-16F7-4668-BE54-9A1E7A4F7556}") = "TUF.Database", "TUF.Database\TUF.Database.csproj", "{F3E1DB92-661D-4BA6-8FFC-9201C6CE1248}"
EndProject
Project("{2150E333-8FDC-42A3-9474-1A3956D46DE8}") = "Solution Items", "Solution Items", "{A3463917-645B-431A-9962-6D8B1340EE6C}"
	ProjectSection(SolutionItems) = preProject
		.editorconfig = .editorconfig
	EndProjectSection
EndProject
Project("{9A19103F-16F7-4668-BE54-9A1E7A4F7556}") = "TUF.Infrastructure", "Tuf.Infrastructure\TUF.Infrastructure.csproj", "{19A1276C-231E-48C8-8107-59675EB17CF3}"
EndProject
Project("{9A19103F-16F7-4668-BE54-9A1E7A4F7556}") = "TUF.HostApi", "TUF.HostApi\TUF.HostApi.csproj", "{C343AF21-BAD8-4D63-A559-477C77E8741D}"
EndProject
Project("{2150E333-8FDC-42A3-9474-1A3956D46DE8}") = "5_Debug", "5_Debug", "{50DDD475-145E-4919-909C-965409BEAB9A}"
EndProject
Project("{9A19103F-16F7-4668-BE54-9A1E7A4F7556}") = "TUF.Front.Server", "TUF.Front\Server\TUF.Front.Server.csproj", "{A594E4E0-3451-4A18-B6B3-E84CD3F857F8}"
EndProject
Project("{9A19103F-16F7-4668-BE54-9A1E7A4F7556}") = "TUF.Front.Client", "TUF.Front\Client\TUF.Front.Client.csproj", "{031E828D-6B07-4D4B-B740-5BBC9A8B2275}"
EndProject
Project("{9A19103F-16F7-4668-BE54-9A1E7A4F7556}") = "testcon", "testcon\testcon.csproj", "{079FBCF6-D18F-4211-95CE-8498389D7D10}"
EndProject
Global
	GlobalSection(SolutionConfigurationPlatforms) = preSolution
		Debug|Any CPU = Debug|Any CPU
		Release|Any CPU = Release|Any CPU
	EndGlobalSection
	GlobalSection(ProjectConfigurationPlatforms) = postSolution
		{ABA4168A-CDD0-400F-BF44-926D19F6DD1E}.Debug|Any CPU.ActiveCfg = Debug|Any CPU
		{ABA4168A-CDD0-400F-BF44-926D19F6DD1E}.Debug|Any CPU.Build.0 = Debug|Any CPU
		{ABA4168A-CDD0-400F-BF44-926D19F6DD1E}.Release|Any CPU.ActiveCfg = Release|Any CPU
		{ABA4168A-CDD0-400F-BF44-926D19F6DD1E}.Release|Any CPU.Build.0 = Release|Any CPU
		{2748E303-6078-4B8C-B0E8-4BCC9B72DC0E}.Debug|Any CPU.ActiveCfg = Debug|Any CPU
		{2748E303-6078-4B8C-B0E8-4BCC9B72DC0E}.Debug|Any CPU.Build.0 = Debug|Any CPU
		{2748E303-6078-4B8C-B0E8-4BCC9B72DC0E}.Release|Any CPU.ActiveCfg = Release|Any CPU
		{2748E303-6078-4B8C-B0E8-4BCC9B72DC0E}.Release|Any CPU.Build.0 = Release|Any CPU
		{220EBAA7-4959-4BEE-9D11-8797E342B55D}.Debug|Any CPU.ActiveCfg = Debug|Any CPU
		{220EBAA7-4959-4BEE-9D11-8797E342B55D}.Debug|Any CPU.Build.0 = Debug|Any CPU
		{220EBAA7-4959-4BEE-9D11-8797E342B55D}.Release|Any CPU.ActiveCfg = Release|Any CPU
		{220EBAA7-4959-4BEE-9D11-8797E342B55D}.Release|Any CPU.Build.0 = Release|Any CPU
		{32F47246-4598-4208-B4CD-C1800484DC8B}.Debug|Any CPU.ActiveCfg = Debug|Any CPU
		{32F47246-4598-4208-B4CD-C1800484DC8B}.Debug|Any CPU.Build.0 = Debug|Any CPU
		{32F47246-4598-4208-B4CD-C1800484DC8B}.Release|Any CPU.ActiveCfg = Release|Any CPU
		{32F47246-4598-4208-B4CD-C1800484DC8B}.Release|Any CPU.Build.0 = Release|Any CPU
		{07FF2A9B-07EC-4611-A590-48B336B074B3}.Debug|Any CPU.ActiveCfg = Debug|Any CPU
		{07FF2A9B-07EC-4611-A590-48B336B074B3}.Debug|Any CPU.Build.0 = Debug|Any CPU
		{07FF2A9B-07EC-4611-A590-48B336B074B3}.Release|Any CPU.ActiveCfg = Release|Any CPU
		{07FF2A9B-07EC-4611-A590-48B336B074B3}.Release|Any CPU.Build.0 = Release|Any CPU
		{F3E1DB92-661D-4BA6-8FFC-9201C6CE1248}.Debug|Any CPU.ActiveCfg = Debug|Any CPU
		{F3E1DB92-661D-4BA6-8FFC-9201C6CE1248}.Debug|Any CPU.Build.0 = Debug|Any CPU
		{F3E1DB92-661D-4BA6-8FFC-9201C6CE1248}.Release|Any CPU.ActiveCfg = Release|Any CPU
		{F3E1DB92-661D-4BA6-8FFC-9201C6CE1248}.Release|Any CPU.Build.0 = Release|Any CPU
		{19A1276C-231E-48C8-8107-59675EB17CF3}.Debug|Any CPU.ActiveCfg = Debug|Any CPU
		{19A1276C-231E-48C8-8107-59675EB17CF3}.Debug|Any CPU.Build.0 = Debug|Any CPU
		{19A1276C-231E-48C8-8107-59675EB17CF3}.Release|Any CPU.ActiveCfg = Release|Any CPU
		{19A1276C-231E-48C8-8107-59675EB17CF3}.Release|Any CPU.Build.0 = Release|Any CPU
		{C343AF21-BAD8-4D63-A559-477C77E8741D}.Debug|Any CPU.ActiveCfg = Debug|Any CPU
		{C343AF21-BAD8-4D63-A559-477C77E8741D}.Debug|Any CPU.Build.0 = Debug|Any CPU
		{C343AF21-BAD8-4D63-A559-477C77E8741D}.Release|Any CPU.ActiveCfg = Release|Any CPU
		{C343AF21-BAD8-4D63-A559-477C77E8741D}.Release|Any CPU.Build.0 = Release|Any CPU
		{A594E4E0-3451-4A18-B6B3-E84CD3F857F8}.Debug|Any CPU.ActiveCfg = Debug|Any CPU
		{A594E4E0-3451-4A18-B6B3-E84CD3F857F8}.Debug|Any CPU.Build.0 = Debug|Any CPU
		{A594E4E0-3451-4A18-B6B3-E84CD3F857F8}.Release|Any CPU.ActiveCfg = Release|Any CPU
		{A594E4E0-3451-4A18-B6B3-E84CD3F857F8}.Release|Any CPU.Build.0 = Release|Any CPU
		{031E828D-6B07-4D4B-B740-5BBC9A8B2275}.Debug|Any CPU.ActiveCfg = Debug|Any CPU
		{031E828D-6B07-4D4B-B740-5BBC9A8B2275}.Debug|Any CPU.Build.0 = Debug|Any CPU
		{031E828D-6B07-4D4B-B740-5BBC9A8B2275}.Release|Any CPU.ActiveCfg = Release|Any CPU
		{031E828D-6B07-4D4B-B740-5BBC9A8B2275}.Release|Any CPU.Build.0 = Release|Any CPU
		{079FBCF6-D18F-4211-95CE-8498389D7D10}.Debug|Any CPU.ActiveCfg = Debug|Any CPU
		{079FBCF6-D18F-4211-95CE-8498389D7D10}.Debug|Any CPU.Build.0 = Debug|Any CPU
		{079FBCF6-D18F-4211-95CE-8498389D7D10}.Release|Any CPU.ActiveCfg = Release|Any CPU
		{079FBCF6-D18F-4211-95CE-8498389D7D10}.Release|Any CPU.Build.0 = Release|Any CPU
	EndGlobalSection
	GlobalSection(SolutionProperties) = preSolution
		HideSolutionNode = FALSE
	EndGlobalSection
	GlobalSection(NestedProjects) = preSolution
		{ABA4168A-CDD0-400F-BF44-926D19F6DD1E} = {6B1E78EB-4A0D-4F3B-A8E6-57EBB0F9F89C}
		{2748E303-6078-4B8C-B0E8-4BCC9B72DC0E} = {6B1E78EB-4A0D-4F3B-A8E6-57EBB0F9F89C}
		{220EBAA7-4959-4BEE-9D11-8797E342B55D} = {5BF4D4FE-D7B7-4C81-A3C9-E69CD0D3C582}
		{32F47246-4598-4208-B4CD-C1800484DC8B} = {73C51610-B367-42FE-98A3-9BF82D96F05F}
		{07FF2A9B-07EC-4611-A590-48B336B074B3} = {A716360F-9D23-480A-AEE1-F555FCD35E43}
		{F3E1DB92-661D-4BA6-8FFC-9201C6CE1248} = {5BF4D4FE-D7B7-4C81-A3C9-E69CD0D3C582}
		{19A1276C-231E-48C8-8107-59675EB17CF3} = {73C51610-B367-42FE-98A3-9BF82D96F05F}
		{C343AF21-BAD8-4D63-A559-477C77E8741D} = {73C51610-B367-42FE-98A3-9BF82D96F05F}
		{A594E4E0-3451-4A18-B6B3-E84CD3F857F8} = {A5878627-2A5A-4542-B36F-8E465D65C2C7}
		{031E828D-6B07-4D4B-B740-5BBC9A8B2275} = {A716360F-9D23-480A-AEE1-F555FCD35E43}
		{079FBCF6-D18F-4211-95CE-8498389D7D10} = {50DDD475-145E-4919-909C-965409BEAB9A}
	EndGlobalSection
	GlobalSection(ExtensibilityGlobals) = postSolution
		SolutionGuid = {561355A0-0392-4AD8-9D35-F15D60828B2E}
	EndGlobalSection
EndGlobal
